// !$*UTF8*$!
{
	archiveVersion = 1;
	classes = {
	};
	objectVersion = 77;
	objects = {

/* Begin PBXBuildFile section */
		308B13792EF9F426006BF4EB /* ProfileFeature in Frameworks */ = {isa = PBXBuildFile; productRef = 308B13782EF9F426006BF4EB /* ProfileFeature */; };
/* End PBXBuildFile section */

/* Begin PBXContainerItemProxy section */
		308B13582EF9F209006BF4EB /* PBXContainerItemProxy */ = {
			isa = PBXContainerItemProxy;
			containerPortal = 308B13422EF9F208006BF4EB /* Project object */;
			proxyType = 1;
			remoteGlobalIDString = 308B13492EF9F208006BF4EB;
			remoteInfo = ProfileFeatureApp;
		};
		308B13622EF9F20A006BF4EB /* PBXContainerItemProxy */ = {
			isa = PBXContainerItemProxy;
			containerPortal = 308B13422EF9F208006BF4EB /* Project object */;
			proxyType = 1;
			remoteGlobalIDString = 308B13492EF9F208006BF4EB;
			remoteInfo = ProfileFeatureApp;
		};
/* End PBXContainerItemProxy section */

/* Begin PBXFileReference section */
		308B134A2EF9F208006BF4EB /* ProfileFeatureApp.app */ = {isa = PBXFileReference; explicitFileType = wrapper.application; includeInIndex = 0; path = ProfileFeatureApp.app; sourceTree = BUILT_PRODUCTS_DIR; };
		308B13572EF9F209006BF4EB /* ProfileFeatureAppTests.xctest */ = {isa = PBXFileReference; explicitFileType = wrapper.cfbundle; includeInIndex = 0; path = ProfileFeatureAppTests.xctest; sourceTree = BUILT_PRODUCTS_DIR; };
		308B13612EF9F20A006BF4EB /* ProfileFeatureAppUITests.xctest */ = {isa = PBXFileReference; explicitFileType = wrapper.cfbundle; includeInIndex = 0; path = ProfileFeatureAppUITests.xctest; sourceTree = BUILT_PRODUCTS_DIR; };
/* End PBXFileReference section */

/* Begin PBXFileSystemSynchronizedRootGroup section */
		308B134C2EF9F208006BF4EB /* ProfileFeatureApp */ = {
			isa = PBXFileSystemSynchronizedRootGroup;
			path = ProfileFeatureApp;
			sourceTree = "<group>";
		};
		308B135A2EF9F209006BF4EB /* ProfileFeatureAppTests */ = {
			isa = PBXFileSystemSynchronizedRootGroup;
			path = ProfileFeatureAppTests;
			sourceTree = "<group>";
		};
		308B13642EF9F20A006BF4EB /* ProfileFeatureAppUITests */ = {
			isa = PBXFileSystemSynchronizedRootGroup;
			path = ProfileFeatureAppUITests;
			sourceTree = "<group>";
		};
/* End PBXFileSystemSynchronizedRootGroup section */

/* Begin PBXFrameworksBuildPhase section */
		308B13472EF9F208006BF4EB /* Frameworks */ = {
			isa = PBXFrameworksBuildPhase;
			buildActionMask = 2147483647;
			files = (
				308B13792EF9F426006BF4EB /* ProfileFeature in Frameworks */,
			);
			runOnlyForDeploymentPostprocessing = 0;
		};
		308B13542EF9F209006BF4EB /* Frameworks */ = {
			isa = PBXFrameworksBuildPhase;
			buildActionMask = 2147483647;
			files = (
			);
			runOnlyForDeploymentPostprocessing = 0;
		};
		308B135E2EF9F20A006BF4EB /* Frameworks */ = {
			isa = PBXFrameworksBuildPhase;
			buildActionMask = 2147483647;
			files = (
			);
			runOnlyForDeploymentPostprocessing = 0;
		};
/* End PBXFrameworksBuildPhase section */

/* Begin PBXGroup section */
		308B13412EF9F208006BF4EB = {
			isa = PBXGroup;
			children = (
				308B134C2EF9F208006BF4EB /* ProfileFeatureApp */,
				308B135A2EF9F209006BF4EB /* ProfileFeatureAppTests */,
				308B13642EF9F20A006BF4EB /* ProfileFeatureAppUITests */,
				308B134B2EF9F208006BF4EB /* Products */,
			);
			sourceTree = "<group>";
		};
		308B134B2EF9F208006BF4EB /* Products */ = {
			isa = PBXGroup;
			children = (
				308B134A2EF9F208006BF4EB /* ProfileFeatureApp.app */,
				308B13572EF9F209006BF4EB /* ProfileFeatureAppTests.xctest */,
				308B13612EF9F20A006BF4EB /* ProfileFeatureAppUITests.xctest */,
			);
			name = Products;
			sourceTree = "<group>";
		};
/* End PBXGroup section */

/* Begin PBXNativeTarget section */
		308B13492EF9F208006BF4EB /* ProfileFeatureApp */ = {
			isa = PBXNativeTarget;
			buildConfigurationList = 308B136B2EF9F20A006BF4EB /* Build configuration list for PBXNativeTarget "ProfileFeatureApp" */;
			buildPhases = (
				308B13462EF9F208006BF4EB /* Sources */,
				308B13472EF9F208006BF4EB /* Frameworks */,
				308B13482EF9F208006BF4EB /* Resources */,
			);
			buildRules = (
			);
			dependencies = (
			);
			fileSystemSynchronizedGroups = (
				308B134C2EF9F208006BF4EB /* ProfileFeatureApp */,
			);
			name = ProfileFeatureApp;
			packageProductDependencies = (
				308B13782EF9F426006BF4EB /* ProfileFeature */,
			);
			productName = ProfileFeatureApp;
			productReference = 308B134A2EF9F208006BF4EB /* ProfileFeatureApp.app */;
			productType = "com.apple.product-type.application";
		};
		308B13562EF9F209006BF4EB /* ProfileFeatureAppTests */ = {
			isa = PBXNativeTarget;
			buildConfigurationList = 308B136E2EF9F20A006BF4EB /* Build configuration list for PBXNativeTarget "ProfileFeatureAppTests" */;
			buildPhases = (
				308B13532EF9F209006BF4EB /* Sources */,
				308B13542EF9F209006BF4EB /* Frameworks */,
				308B13552EF9F209006BF4EB /* Resources */,
			);
			buildRules = (
			);
			dependencies = (
				308B13592EF9F209006BF4EB /* PBXTargetDependency */,
			);
			fileSystemSynchronizedGroups = (
				308B135A2EF9F209006BF4EB /* ProfileFeatureAppTests */,
			);
			name = ProfileFeatureAppTests;
			packageProductDependencies = (
			);
			productName = ProfileFeatureAppTests;
			productReference = 308B13572EF9F209006BF4EB /* ProfileFeatureAppTests.xctest */;
			productType = "com.apple.product-type.bundle.unit-test";
		};
		308B13602EF9F20A006BF4EB /* ProfileFeatureAppUITests */ = {
			isa = PBXNativeTarget;
			buildConfigurationList = 308B13712EF9F20A006BF4EB /* Build configuration list for PBXNativeTarget "ProfileFeatureAppUITests" */;
			buildPhases = (
				308B135D2EF9F20A006BF4EB /* Sources */,
				308B135E2EF9F20A006BF4EB /* Frameworks */,
				308B135F2EF9F20A006BF4EB /* Resources */,
			);
			buildRules = (
			);
			dependencies = (
				308B13632EF9F20A006BF4EB /* PBXTargetDependency */,
			);
			fileSystemSynchronizedGroups = (
				308B13642EF9F20A006BF4EB /* ProfileFeatureAppUITests */,
			);
			name = ProfileFeatureAppUITests;
			packageProductDependencies = (
			);
			productName = ProfileFeatureAppUITests;
			productReference = 308B13612EF9F20A006BF4EB /* ProfileFeatureAppUITests.xctest */;
			productType = "com.apple.product-type.bundle.ui-testing";
		};
/* End PBXNativeTarget section */

/* Begin PBXProject section */
		308B13422EF9F208006BF4EB /* Project object */ = {
			isa = PBXProject;
			attributes = {
				BuildIndependentTargetsInParallel = 1;
				LastSwiftUpdateCheck = 2620;
				LastUpgradeCheck = 2620;
				TargetAttributes = {
					308B13492EF9F208006BF4EB = {
						CreatedOnToolsVersion = 26.2;
					};
					308B13562EF9F209006BF4EB = {
						CreatedOnToolsVersion = 26.2;
						TestTargetID = 308B13492EF9F208006BF4EB;
					};
					308B13602EF9F20A006BF4EB = {
						CreatedOnToolsVersion = 26.2;
						TestTargetID = 308B13492EF9F208006BF4EB;
					};
				};
			};
			buildConfigurationList = 308B13452EF9F208006BF4EB /* Build configuration list for PBXProject "ProfileFeatureApp" */;
			developmentRegion = en;
			hasScannedForEncodings = 0;
			knownRegions = (
				en,
				Base,
			);
			mainGroup = 308B13412EF9F208006BF4EB;
			minimizedProjectReferenceProxies = 1;
			packageReferences = (
				308B13772EF9F426006BF4EB /* XCLocalSwiftPackageReference "../ProfileFeature" */,
			);
			preferredProjectObjectVersion = 77;
			productRefGroup = 308B134B2EF9F208006BF4EB /* Products */;
			projectDirPath = "";
			projectRoot = "";
			targets = (
				308B13492EF9F208006BF4EB /* ProfileFeatureApp */,
				308B13562EF9F209006BF4EB /* ProfileFeatureAppTests */,
				308B13602EF9F20A006BF4EB /* ProfileFeatureAppUITests */,
			);
		};
/* End PBXProject section */

/* Begin PBXResourcesBuildPhase section */
		308B13482EF9F208006BF4EB /* Resources */ = {
			isa = PBXResourcesBuildPhase;
			buildActionMask = 2147483647;
			files = (
			);
			runOnlyForDeploymentPostprocessing = 0;
		};
		308B13552EF9F209006BF4EB /* Resources */ = {
			isa = PBXResourcesBuildPhase;
			buildActionMask = 2147483647;
			files = (
			);
			runOnlyForDeploymentPostprocessing = 0;
		};
		308B135F2EF9F20A006BF4EB /* Resources */ = {
			isa = PBXResourcesBuildPhase;
			buildActionMask = 2147483647;
			files = (
			);
			runOnlyForDeploymentPostprocessing = 0;
		};
/* End PBXResourcesBuildPhase section */

/* Begin PBXSourcesBuildPhase section */
		308B13462EF9F208006BF4EB /* Sources */ = {
			isa = PBXSourcesBuildPhase;
			buildActionMask = 2147483647;
			files = (
			);
			runOnlyForDeploymentPostprocessing = 0;
		};
		308B13532EF9F209006BF4EB /* Sources */ = {
			isa = PBXSourcesBuildPhase;
			buildActionMask = 2147483647;
			files = (
			);
			runOnlyForDeploymentPostprocessing = 0;
		};
		308B135D2EF9F20A006BF4EB /* Sources */ = {
			isa = PBXSourcesBuildPhase;
			buildActionMask = 2147483647;
			files = (
			);
			runOnlyForDeploymentPostprocessing = 0;
		};
/* End PBXSourcesBuildPhase section */

/* Begin PBXTargetDependency section */
		308B13592EF9F209006BF4EB /* PBXTargetDependency */ = {
			isa = PBXTargetDependency;
			target = 308B13492EF9F208006BF4EB /* ProfileFeatureApp */;
			targetProxy = 308B13582EF9F209006BF4EB /* PBXContainerItemProxy */;
		};
		308B13632EF9F20A006BF4EB /* PBXTargetDependency */ = {
			isa = PBXTargetDependency;
			target = 308B13492EF9F208006BF4EB /* ProfileFeatureApp */;
			targetProxy = 308B13622EF9F20A006BF4EB /* PBXContainerItemProxy */;
		};
/* End PBXTargetDependency section */

/* Begin XCBuildConfiguration section */
		308B13692EF9F20A006BF4EB /* Debug */ = {
			isa = XCBuildConfiguration;
			buildSettings = {
				ALWAYS_SEARCH_USER_PATHS = NO;
				ASSETCATALOG_COMPILER_GENERATE_SWIFT_ASSET_SYMBOL_EXTENSIONS = YES;
				CLANG_ANALYZER_NONNULL = YES;
				CLANG_ANALYZER_NUMBER_OBJECT_CONVERSION = YES_AGGRESSIVE;
				CLANG_CXX_LANGUAGE_STANDARD = "gnu++20";
				CLANG_ENABLE_MODULES = YES;
				CLANG_ENABLE_OBJC_ARC = YES;
				CLANG_ENABLE_OBJC_WEAK = YES;
				CLANG_WARN_BLOCK_CAPTURE_AUTORELEASING = YES;
				CLANG_WARN_BOOL_CONVERSION = YES;
				CLANG_WARN_COMMA = YES;
				CLANG_WARN_CONSTANT_CONVERSION = YES;
				CLANG_WARN_DEPRECATED_OBJC_IMPLEMENTATIONS = YES;
				CLANG_WARN_DIRECT_OBJC_ISA_USAGE = YES_ERROR;
				CLANG_WARN_DOCUMENTATION_COMMENTS = YES;
				CLANG_WARN_EMPTY_BODY = YES;
				CLANG_WARN_ENUM_CONVERSION = YES;
				CLANG_WARN_INFINITE_RECURSION = YES;
				CLANG_WARN_INT_CONVERSION = YES;
				CLANG_WARN_NON_LITERAL_NULL_CONVERSION = YES;
				CLANG_WARN_OBJC_IMPLICIT_RETAIN_SELF = YES;
				CLANG_WARN_OBJC_LITERAL_CONVERSION = YES;
				CLANG_WARN_OBJC_ROOT_CLASS = YES_ERROR;
				CLANG_WARN_QUOTED_INCLUDE_IN_FRAMEWORK_HEADER = YES;
				CLANG_WARN_RANGE_LOOP_ANALYSIS = YES;
				CLANG_WARN_STRICT_PROTOTYPES = YES;
				CLANG_WARN_SUSPICIOUS_MOVE = YES;
				CLANG_WARN_UNGUARDED_AVAILABILITY = YES_AGGRESSIVE;
				CLANG_WARN_UNREACHABLE_CODE = YES;
				CLANG_WARN__DUPLICATE_METHOD_MATCH = YES;
				COPY_PHASE_STRIP = NO;
				DEBUG_INFORMATION_FORMAT = dwarf;
				ENABLE_STRICT_OBJC_MSGSEND = YES;
				ENABLE_TESTABILITY = YES;
				ENABLE_USER_SCRIPT_SANDBOXING = YES;
				GCC_C_LANGUAGE_STANDARD = gnu17;
				GCC_DYNAMIC_NO_PIC = NO;
				GCC_NO_COMMON_BLOCKS = YES;
				GCC_OPTIMIZATION_LEVEL = 0;
				GCC_PREPROCESSOR_DEFINITIONS = (
					"DEBUG=1",
					"$(inherited)",
				);
				GCC_WARN_64_TO_32_BIT_CONVERSION = YES;
				GCC_WARN_ABOUT_RETURN_TYPE = YES_ERROR;
				GCC_WARN_UNDECLARED_SELECTOR = YES;
				GCC_WARN_UNINITIALIZED_AUTOS = YES_AGGRESSIVE;
				GCC_WARN_UNUSED_FUNCTION = YES;
				GCC_WARN_UNUSED_VARIABLE = YES;
				IPHONEOS_DEPLOYMENT_TARGET = 26.2;
				LOCALIZATION_PREFERS_STRING_CATALOGS = YES;
				MTL_ENABLE_DEBUG_INFO = INCLUDE_SOURCE;
				MTL_FAST_MATH = YES;
				ONLY_ACTIVE_ARCH = YES;
				SDKROOT = iphoneos;
				SWIFT_ACTIVE_COMPILATION_CONDITIONS = "DEBUG $(inherited)";
				SWIFT_OPTIMIZATION_LEVEL = "-Onone";
			};
			name = Debug;
		};
		308B136A2EF9F20A006BF4EB /* Release */ = {
			isa = XCBuildConfiguration;
			buildSettings = {
				ALWAYS_SEARCH_USER_PATHS = NO;
				ASSETCATALOG_COMPILER_GENERATE_SWIFT_ASSET_SYMBOL_EXTENSIONS = YES;
				CLANG_ANALYZER_NONNULL = YES;
				CLANG_ANALYZER_NUMBER_OBJECT_CONVERSION = YES_AGGRESSIVE;
				CLANG_CXX_LANGUAGE_STANDARD = "gnu++20";
				CLANG_ENABLE_MODULES = YES;
				CLANG_ENABLE_OBJC_ARC = YES;
				CLANG_ENABLE_OBJC_WEAK = YES;
				CLANG_WARN_BLOCK_CAPTURE_AUTORELEASING = YES;
				CLANG_WARN_BOOL_CONVERSION = YES;
				CLANG_WARN_COMMA = YES;
				CLANG_WARN_CONSTANT_CONVERSION = YES;
				CLANG_WARN_DEPRECATED_OBJC_IMPLEMENTATIONS = YES;
				CLANG_WARN_DIRECT_OBJC_ISA_USAGE = YES_ERROR;
				CLANG_WARN_DOCUMENTATION_COMMENTS = YES;
				CLANG_WARN_EMPTY_BODY = YES;
				CLANG_WARN_ENUM_CONVERSION = YES;
				CLANG_WARN_INFINITE_RECURSION = YES;
				CLANG_WARN_INT_CONVERSION = YES;
				CLANG_WARN_NON_LITERAL_NULL_CONVERSION = YES;
				CLANG_WARN_OBJC_IMPLICIT_RETAIN_SELF = YES;
				CLANG_WARN_OBJC_LITERAL_CONVERSION = YES;
				CLANG_WARN_OBJC_ROOT_CLASS = YES_ERROR;
				CLANG_WARN_QUOTED_INCLUDE_IN_FRAMEWORK_HEADER = YES;
				CLANG_WARN_RANGE_LOOP_ANALYSIS = YES;
				CLANG_WARN_STRICT_PROTOTYPES = YES;
				CLANG_WARN_SUSPICIOUS_MOVE = YES;
				CLANG_WARN_UNGUARDED_AVAILABILITY = YES_AGGRESSIVE;
				CLANG_WARN_UNREACHABLE_CODE = YES;
				CLANG_WARN__DUPLICATE_METHOD_MATCH = YES;
				COPY_PHASE_STRIP = NO;
				DEBUG_INFORMATION_FORMAT = "dwarf-with-dsym";
				ENABLE_NS_ASSERTIONS = NO;
				ENABLE_STRICT_OBJC_MSGSEND = YES;
				ENABLE_USER_SCRIPT_SANDBOXING = YES;
				GCC_C_LANGUAGE_STANDARD = gnu17;
				GCC_NO_COMMON_BLOCKS = YES;
				GCC_WARN_64_TO_32_BIT_CONVERSION = YES;
				GCC_WARN_ABOUT_RETURN_TYPE = YES_ERROR;
				GCC_WARN_UNDECLARED_SELECTOR = YES;
				GCC_WARN_UNINITIALIZED_AUTOS = YES_AGGRESSIVE;
				GCC_WARN_UNUSED_FUNCTION = YES;
				GCC_WARN_UNUSED_VARIABLE = YES;
				IPHONEOS_DEPLOYMENT_TARGET = 26.2;
				LOCALIZATION_PREFERS_STRING_CATALOGS = YES;
				MTL_ENABLE_DEBUG_INFO = NO;
				MTL_FAST_MATH = YES;
				SDKROOT = iphoneos;
				SWIFT_COMPILATION_MODE = wholemodule;
				VALIDATE_PRODUCT = YES;
			};
			name = Release;
		};
		308B136C2EF9F20A006BF4EB /* Debug */ = {
			isa = XCBuildConfiguration;
			buildSettings = {
				ASSETCATALOG_COMPILER_APPICON_NAME = AppIcon;
				ASSETCATALOG_COMPILER_GLOBAL_ACCENT_COLOR_NAME = AccentColor;
				CODE_SIGN_STYLE = Automatic;
				CURRENT_PROJECT_VERSION = 1;
				ENABLE_PREVIEWS = YES;
				GENERATE_INFOPLIST_FILE = YES;
				INFOPLIST_KEY_UIApplicationSceneManifest_Generation = YES;
				INFOPLIST_KEY_UIApplicationSupportsIndirectInputEvents = YES;
				INFOPLIST_KEY_UILaunchScreen_Generation = YES;
				INFOPLIST_KEY_UISupportedInterfaceOrientations_iPad = "UIInterfaceOrientationPortrait UIInterfaceOrientationPortraitUpsideDown UIInterfaceOrientationLandscapeLeft UIInterfaceOrientationLandscapeRight";
				INFOPLIST_KEY_UISupportedInterfaceOrientations_iPhone = "UIInterfaceOrientationPortrait UIInterfaceOrientationLandscapeLeft UIInterfaceOrientationLandscapeRight";
				LD_RUNPATH_SEARCH_PATHS = (
					"$(inherited)",
					"@executable_path/Frameworks",
				);
				MARKETING_VERSION = 1.0;
				PRODUCT_BUNDLE_IDENTIFIER = com.chinthaka.ProfileFeatureApp;
				PRODUCT_NAME = "$(TARGET_NAME)";
				STRING_CATALOG_GENERATE_SYMBOLS = YES;
				SWIFT_APPROACHABLE_CONCURRENCY = YES;
				SWIFT_DEFAULT_ACTOR_ISOLATION = MainActor;
				SWIFT_EMIT_LOC_STRINGS = YES;
				SWIFT_UPCOMING_FEATURE_MEMBER_IMPORT_VISIBILITY = YES;
				SWIFT_VERSION = 5.0;
				TARGETED_DEVICE_FAMILY = "1,2";
			};
			name = Debug;
		};
		308B136D2EF9F20A006BF4EB /* Release */ = {
			isa = XCBuildConfiguration;
			buildSettings = {
				ASSETCATALOG_COMPILER_APPICON_NAME = AppIcon;
				ASSETCATALOG_COMPILER_GLOBAL_ACCENT_COLOR_NAME = AccentColor;
				CODE_SIGN_STYLE = Automatic;
				CURRENT_PROJECT_VERSION = 1;
				ENABLE_PREVIEWS = YES;
				GENERATE_INFOPLIST_FILE = YES;
				INFOPLIST_KEY_UIApplicationSceneManifest_Generation = YES;
				INFOPLIST_KEY_UIApplicationSupportsIndirectInputEvents = YES;
				INFOPLIST_KEY_UILaunchScreen_Generation = YES;
				INFOPLIST_KEY_UISupportedInterfaceOrientations_iPad = "UIInterfaceOrientationPortrait UIInterfaceOrientationPortraitUpsideDown UIInterfaceOrientationLandscapeLeft UIInterfaceOrientationLandscapeRight";
				INFOPLIST_KEY_UISupportedInterfaceOrientations_iPhone = "UIInterfaceOrientationPortrait UIInterfaceOrientationLandscapeLeft UIInterfaceOrientationLandscapeRight";
				LD_RUNPATH_SEARCH_PATHS = (
					"$(inherited)",
					"@executable_path/Frameworks",
				);
				MARKETING_VERSION = 1.0;
				PRODUCT_BUNDLE_IDENTIFIER = com.chinthaka.ProfileFeatureApp;
				PRODUCT_NAME = "$(TARGET_NAME)";
				STRING_CATALOG_GENERATE_SYMBOLS = YES;
				SWIFT_APPROACHABLE_CONCURRENCY = YES;
				SWIFT_DEFAULT_ACTOR_ISOLATION = MainActor;
				SWIFT_EMIT_LOC_STRINGS = YES;
				SWIFT_UPCOMING_FEATURE_MEMBER_IMPORT_VISIBILITY = YES;
				SWIFT_VERSION = 5.0;
				TARGETED_DEVICE_FAMILY = "1,2";
			};
			name = Release;
		};
		308B136F2EF9F20A006BF4EB /* Debug */ = {
			isa = XCBuildConfiguration;
			buildSettings = {
				BUNDLE_LOADER = "$(TEST_HOST)";
				CODE_SIGN_STYLE = Automatic;
				CURRENT_PROJECT_VERSION = 1;
				GENERATE_INFOPLIST_FILE = YES;
				IPHONEOS_DEPLOYMENT_TARGET = 26.2;
				MARKETING_VERSION = 1.0;
				PRODUCT_BUNDLE_IDENTIFIER = com.chinthaka.ProfileFeatureAppTests;
				PRODUCT_NAME = "$(TARGET_NAME)";
				STRING_CATALOG_GENERATE_SYMBOLS = NO;
				SWIFT_APPROACHABLE_CONCURRENCY = YES;
				SWIFT_EMIT_LOC_STRINGS = NO;
				SWIFT_UPCOMING_FEATURE_MEMBER_IMPORT_VISIBILITY = YES;
				SWIFT_VERSION = 5.0;
				TARGETED_DEVICE_FAMILY = "1,2";
				TEST_HOST = "$(BUILT_PRODUCTS_DIR)/ProfileFeatureApp.app/$(BUNDLE_EXECUTABLE_FOLDER_PATH)/ProfileFeatureApp";
			};
			name = Debug;
		};
		308B13702EF9F20A006BF4EB /* Release */ = {
			isa = XCBuildConfiguration;
			buildSettings = {
				BUNDLE_LOADER = "$(TEST_HOST)";
				CODE_SIGN_STYLE = Automatic;
				CURRENT_PROJECT_VERSION = 1;
				GENERATE_INFOPLIST_FILE = YES;
				IPHONEOS_DEPLOYMENT_TARGET = 26.2;
				MARKETING_VERSION = 1.0;
				PRODUCT_BUNDLE_IDENTIFIER = com.chinthaka.ProfileFeatureAppTests;
				PRODUCT_NAME = "$(TARGET_NAME)";
				STRING_CATALOG_GENERATE_SYMBOLS = NO;
				SWIFT_APPROACHABLE_CONCURRENCY = YES;
				SWIFT_EMIT_LOC_STRINGS = NO;
				SWIFT_UPCOMING_FEATURE_MEMBER_IMPORT_VISIBILITY = YES;
				SWIFT_VERSION = 5.0;
				TARGETED_DEVICE_FAMILY = "1,2";
				TEST_HOST = "$(BUILT_PRODUCTS_DIR)/ProfileFeatureApp.app/$(BUNDLE_EXECUTABLE_FOLDER_PATH)/ProfileFeatureApp";
			};
			name = Release;
		};
		308B13722EF9F20A006BF4EB /* Debug */ = {
			isa = XCBuildConfiguration;
			buildSettings = {
				CODE_SIGN_STYLE = Automatic;
				CURRENT_PROJECT_VERSION = 1;
				GENERATE_INFOPLIST_FILE = YES;
				MARKETING_VERSION = 1.0;
				PRODUCT_BUNDLE_IDENTIFIER = com.chinthaka.ProfileFeatureAppUITests;
				PRODUCT_NAME = "$(TARGET_NAME)";
				STRING_CATALOG_GENERATE_SYMBOLS = NO;
				SWIFT_APPROACHABLE_CONCURRENCY = YES;
				SWIFT_EMIT_LOC_STRINGS = NO;
				SWIFT_UPCOMING_FEATURE_MEMBER_IMPORT_VISIBILITY = YES;
				SWIFT_VERSION = 5.0;
				TARGETED_DEVICE_FAMILY = "1,2";
				TEST_TARGET_NAME = ProfileFeatureApp;
			};
			name = Debug;
		};
		308B13732EF9F20A006BF4EB /* Release */ = {
			isa = XCBuildConfiguration;
			buildSettings = {
				CODE_SIGN_STYLE = Automatic;
				CURRENT_PROJECT_VERSION = 1;
				GENERATE_INFOPLIST_FILE = YES;
				MARKETING_VERSION = 1.0;
				PRODUCT_BUNDLE_IDENTIFIER = com.chinthaka.ProfileFeatureAppUITests;
				PRODUCT_NAME = "$(TARGET_NAME)";
				STRING_CATALOG_GENERATE_SYMBOLS = NO;
				SWIFT_APPROACHABLE_CONCURRENCY = YES;
				SWIFT_EMIT_LOC_STRINGS = NO;
				SWIFT_UPCOMING_FEATURE_MEMBER_IMPORT_VISIBILITY = YES;
				SWIFT_VERSION = 5.0;
				TARGETED_DEVICE_FAMILY = "1,2";
				TEST_TARGET_NAME = ProfileFeatureApp;
			};
			name = Release;
		};
/* End XCBuildConfiguration section */

/* Begin XCConfigurationList section */
		308B13452EF9F208006BF4EB /* Build configuration list for PBXProject "ProfileFeatureApp" */ = {
			isa = XCConfigurationList;
			buildConfigurations = (
				308B13692EF9F20A006BF4EB /* Debug */,
				308B136A2EF9F20A006BF4EB /* Release */,
			);
			defaultConfigurationIsVisible = 0;
			defaultConfigurationName = Release;
		};
		308B136B2EF9F20A006BF4EB /* Build configuration list for PBXNativeTarget "ProfileFeatureApp" */ = {
			isa = XCConfigurationList;
			buildConfigurations = (
				308B136C2EF9F20A006BF4EB /* Debug */,
				308B136D2EF9F20A006BF4EB /* Release */,
			);
			defaultConfigurationIsVisible = 0;
			defaultConfigurationName = Release;
		};
		308B136E2EF9F20A006BF4EB /* Build configuration list for PBXNativeTarget "ProfileFeatureAppTests" */ = {
			isa = XCConfigurationList;
			buildConfigurations = (
				308B136F2EF9F20A006BF4EB /* Debug */,
				308B13702EF9F20A006BF4EB /* Release */,
			);
			defaultConfigurationIsVisible = 0;
			defaultConfigurationName = Release;
		};
		308B13712EF9F20A006BF4EB /* Build configuration list for PBXNativeTarget "ProfileFeatureAppUITests" */ = {
			isa = XCConfigurationList;
			buildConfigurations = (
				308B13722EF9F20A006BF4EB /* Debug */,
				308B13732EF9F20A006BF4EB /* Release */,
			);
			defaultConfigurationIsVisible = 0;
			defaultConfigurationName = Release;
		};
/* End XCConfigurationList section */

/* Begin XCLocalSwiftPackageReference section */
		308B13772EF9F426006BF4EB /* XCLocalSwiftPackageReference "../ProfileFeature" */ = {
			isa = XCLocalSwiftPackageReference;
			relativePath = ../ProfileFeature;
		};
/* End XCLocalSwiftPackageReference section */

/* Begin XCSwiftPackageProductDependency section */
		308B13782EF9F426006BF4EB /* ProfileFeature */ = {
			isa = XCSwiftPackageProductDependency;
			productName = ProfileFeature;
		};
/* End XCSwiftPackageProductDependency section */
	};
	rootObject = 308B13422EF9F208006BF4EB /* Project object */;
}
